
Microsoft Visual Studio Solution File, Format Version 12.00
# Visual Studio Version 17
VisualStudioVersion = 17.5.002.0
MinimumVisualStudioVersion = 10.0.40219.1
Project("{9A19103F-16F7-4668-BE54-9A1E7A4F7556}") = "wk9-Chore", "wk9-Chore.csproj", "{4F2BDA12-B41B-4A91-9F4A-BC557D9031B9}"
EndProject
Global
	GlobalSection(SolutionConfigurationPlatforms) = preSolution
		Debug|Any CPU = Debug|Any CPU
		Release|Any CPU = Release|Any CPU
	EndGlobalSection
	GlobalSection(ProjectConfigurationPlatforms) = postSolution
		{4F2BDA12-B41B-4A91-9F4A-BC557D9031B9}.Debug|Any CPU.ActiveCfg = Debug|Any CPU
		{4F2BDA12-B41B-4A91-9F4A-BC557D9031B9}.Debug|Any CPU.Build.0 = Debug|Any CPU
		{4F2BDA12-B41B-4A91-9F4A-BC557D9031B9}.Release|Any CPU.ActiveCfg = Release|Any CPU
		{4F2BDA12-B41B-4A91-9F4A-BC557D9031B9}.Release|Any CPU.Build.0 = Release|Any CPU
	EndGlobalSection
	GlobalSection(SolutionProperties) = preSolution
		HideSolutionNode = FALSE
	EndGlobalSection
	GlobalSection(ExtensibilityGlobals) = postSolution
		SolutionGuid = {A7137C2E-DE19-4308-8D7C-A90AF383234A}
	EndGlobalSection
EndGlobal
